
Microsoft Visual Studio Solution File, Format Version 12.00
# Visual Studio Version 16
VisualStudioVersion = 16.0.30907.101
MinimumVisualStudioVersion = 10.0.40219.1
Project("{FAE04EC0-301F-11D3-BF4B-00C04F79EFBC}") = "VolksKlang", "VolksKlang\VolksKlang.csproj", "{63025FC8-7E4A-4E92-AB19-12E8ECE2386D}"
EndProject
Global
	GlobalSection(SolutionConfigurationPlatforms) = preSolution
		Debug|Any CPU = Debug|Any CPU
		Release|Any CPU = Release|Any CPU
	EndGlobalSection
	GlobalSection(ProjectConfigurationPlatforms) = postSolution
		{63025FC8-7E4A-4E92-AB19-12E8ECE2386D}.Debug|Any CPU.ActiveCfg = Debug|Any CPU
		{63025FC8-7E4A-4E92-AB19-12E8ECE2386D}.Debug|Any CPU.Build.0 = Debug|Any CPU
		{63025FC8-7E4A-4E92-AB19-12E8ECE2386D}.Release|Any CPU.ActiveCfg = Release|Any CPU
		{63025FC8-7E4A-4E92-AB19-12E8ECE2386D}.Release|Any CPU.Build.0 = Release|Any CPU
	EndGlobalSection
	GlobalSection(SolutionProperties) = preSolution
		HideSolutionNode = FALSE
	EndGlobalSection
	GlobalSection(ExtensibilityGlobals) = postSolution
		SolutionGuid = {354A1010-2F48-4E35-813D-5FF62816A4B7}
	EndGlobalSection
EndGlobal
